
Microsoft Visual Studio Solution File, Format Version 12.00
# Visual Studio 15
VisualStudioVersion = 15.0.28307.572
MinimumVisualStudioVersion = 10.0.40219.1
Project("{9A19103F-16F7-4668-BE54-9A1E7A4F7556}") = "Exhibition.Portal.Api", "Exhibition.Portal.Api\Exhibition.Portal.Api.csproj", "{FA7899E5-1517-43D1-AF98-C065ED2204B2}"
EndProject
Project("{9A19103F-16F7-4668-BE54-9A1E7A4F7556}") = "Exhibition.Core", "Exhibition.Core\Exhibition.Core.csproj", "{0DA484B5-77D4-47CE-890B-B892F011D34A}"
EndProject
Project("{2150E333-8FDC-42A3-9474-1A3956D46DE8}") = "Portals", "Portals", "{92CD37D9-93EF-4343-A2F2-40BD1CBDAD87}"
EndProject
Project("{2150E333-8FDC-42A3-9474-1A3956D46DE8}") = "Agents", "Agents", "{F3C247FB-BC2F-496F-B855-55BBCC17B8B2}"
EndProject
Project("{2150E333-8FDC-42A3-9474-1A3956D46DE8}") = "Test", "Test", "{8FBD05D2-3644-4C32-9FD0-9666737B8F08}"
EndProject
Project("{FAE04EC0-301F-11D3-BF4B-00C04F79EFBC}") = "UnitTest", "Test\UnitTest\UnitTest.csproj", "{11F902CA-841F-457F-8067-DC09A1CBFEE5}"
EndProject
Project("{FAE04EC0-301F-11D3-BF4B-00C04F79EFBC}") = "Exhibition", "Agents\Exhibition\Exhibition.csproj", "{DC06EA61-C26F-43E3-891E-CF12084AB296}"
EndProject
Project("{9A19103F-16F7-4668-BE54-9A1E7A4F7556}") = "ConsoleApp1", "Test\ConsoleApp1\ConsoleApp1.csproj", "{0E14A833-989A-47E9-B0DC-38990E4136D0}"
EndProject
Project("{FAE04EC0-301F-11D3-BF4B-00C04F79EFBC}") = "SerialPortHelper", "Agents\SerialPortHelper\SerialPortHelper.csproj", "{0F61F65D-AB78-45E3-A062-CE02CB2F2D05}"
EndProject
Global
	GlobalSection(SolutionConfigurationPlatforms) = preSolution
		Debug|Any CPU = Debug|Any CPU
		Release|Any CPU = Release|Any CPU
	EndGlobalSection
	GlobalSection(ProjectConfigurationPlatforms) = postSolution
		{FA7899E5-1517-43D1-AF98-C065ED2204B2}.Debug|Any CPU.ActiveCfg = Debug|Any CPU
		{FA7899E5-1517-43D1-AF98-C065ED2204B2}.Debug|Any CPU.Build.0 = Debug|Any CPU
		{FA7899E5-1517-43D1-AF98-C065ED2204B2}.Release|Any CPU.ActiveCfg = Release|Any CPU
		{FA7899E5-1517-43D1-AF98-C065ED2204B2}.Release|Any CPU.Build.0 = Release|Any CPU
		{0DA484B5-77D4-47CE-890B-B892F011D34A}.Debug|Any CPU.ActiveCfg = Debug|Any CPU
		{0DA484B5-77D4-47CE-890B-B892F011D34A}.Debug|Any CPU.Build.0 = Debug|Any CPU
		{0DA484B5-77D4-47CE-890B-B892F011D34A}.Release|Any CPU.ActiveCfg = Release|Any CPU
		{0DA484B5-77D4-47CE-890B-B892F011D34A}.Release|Any CPU.Build.0 = Release|Any CPU
		{11F902CA-841F-457F-8067-DC09A1CBFEE5}.Debug|Any CPU.ActiveCfg = Debug|Any CPU
		{11F902CA-841F-457F-8067-DC09A1CBFEE5}.Debug|Any CPU.Build.0 = Debug|Any CPU
		{11F902CA-841F-457F-8067-DC09A1CBFEE5}.Release|Any CPU.ActiveCfg = Release|Any CPU
		{11F902CA-841F-457F-8067-DC09A1CBFEE5}.Release|Any CPU.Build.0 = Release|Any CPU
		{DC06EA61-C26F-43E3-891E-CF12084AB296}.Debug|Any CPU.ActiveCfg = Debug|Any CPU
		{DC06EA61-C26F-43E3-891E-CF12084AB296}.Debug|Any CPU.Build.0 = Debug|Any CPU
		{DC06EA61-C26F-43E3-891E-CF12084AB296}.Release|Any CPU.ActiveCfg = Release|Any CPU
		{DC06EA61-C26F-43E3-891E-CF12084AB296}.Release|Any CPU.Build.0 = Release|Any CPU
		{0E14A833-989A-47E9-B0DC-38990E4136D0}.Debug|Any CPU.ActiveCfg = Debug|Any CPU
		{0E14A833-989A-47E9-B0DC-38990E4136D0}.Debug|Any CPU.Build.0 = Debug|Any CPU
		{0E14A833-989A-47E9-B0DC-38990E4136D0}.Release|Any CPU.ActiveCfg = Release|Any CPU
		{0E14A833-989A-47E9-B0DC-38990E4136D0}.Release|Any CPU.Build.0 = Release|Any CPU
		{0F61F65D-AB78-45E3-A062-CE02CB2F2D05}.Debug|Any CPU.ActiveCfg = Debug|Any CPU
		{0F61F65D-AB78-45E3-A062-CE02CB2F2D05}.Debug|Any CPU.Build.0 = Debug|Any CPU
		{0F61F65D-AB78-45E3-A062-CE02CB2F2D05}.Release|Any CPU.ActiveCfg = Release|Any CPU
		{0F61F65D-AB78-45E3-A062-CE02CB2F2D05}.Release|Any CPU.Build.0 = Release|Any CPU
	EndGlobalSection
	GlobalSection(SolutionProperties) = preSolution
		HideSolutionNode = FALSE
	EndGlobalSection
	GlobalSection(NestedProjects) = preSolution
		{FA7899E5-1517-43D1-AF98-C065ED2204B2} = {92CD37D9-93EF-4343-A2F2-40BD1CBDAD87}
		{11F902CA-841F-457F-8067-DC09A1CBFEE5} = {8FBD05D2-3644-4C32-9FD0-9666737B8F08}
		{DC06EA61-C26F-43E3-891E-CF12084AB296} = {F3C247FB-BC2F-496F-B855-55BBCC17B8B2}
		{0E14A833-989A-47E9-B0DC-38990E4136D0} = {8FBD05D2-3644-4C32-9FD0-9666737B8F08}
		{0F61F65D-AB78-45E3-A062-CE02CB2F2D05} = {F3C247FB-BC2F-496F-B855-55BBCC17B8B2}
	EndGlobalSection
	GlobalSection(ExtensibilityGlobals) = postSolution
		SolutionGuid = {02E36763-7C26-4880-9888-1FB73657F49C}
	EndGlobalSection
EndGlobal
